// !$*UTF8*$!
{
	archiveVersion = 1;
	classes = {
	};
	objectVersion = 50;
	objects = {

/* Begin PBXBuildFile section */
		9683BC3C263AC8D500676705 /* AppDelegate.swift in Sources */ = {isa = PBXBuildFile; fileRef = 9683BC3B263AC8D500676705 /* AppDelegate.swift */; };
		9683BC3E263AC8D500676705 /* SceneDelegate.swift in Sources */ = {isa = PBXBuildFile; fileRef = 9683BC3D263AC8D500676705 /* SceneDelegate.swift */; };
		9683BC40263AC8D500676705 /* ViewController.swift in Sources */ = {isa = PBXBuildFile; fileRef = 9683BC3F263AC8D500676705 /* ViewController.swift */; };
		9683BC43263AC8D500676705 /* Main.storyboard in Resources */ = {isa = PBXBuildFile; fileRef = 9683BC41263AC8D500676705 /* Main.storyboard */; };
		9683BC45263AC8D600676705 /* Assets.xcassets in Resources */ = {isa = PBXBuildFile; fileRef = 9683BC44263AC8D600676705 /* Assets.xcassets */; };
		9683BC48263AC8D600676705 /* LaunchScreen.storyboard in Resources */ = {isa = PBXBuildFile; fileRef = 9683BC46263AC8D600676705 /* LaunchScreen.storyboard */; };
		9683BC53263AC8D600676705 /* PenprntTests.swift in Sources */ = {isa = PBXBuildFile; fileRef = 9683BC52263AC8D600676705 /* PenprntTests.swift */; };
		9683BC5E263AC8D600676705 /* PenprntUITests.swift in Sources */ = {isa = PBXBuildFile; fileRef = 9683BC5D263AC8D600676705 /* PenprntUITests.swift */; };
/* End PBXBuildFile section */

/* Begin PBXContainerItemProxy section */
		9683BC4F263AC8D600676705 /* PBXContainerItemProxy */ = {
			isa = PBXContainerItemProxy;
			containerPortal = 9683BC30263AC8D500676705 /* Project object */;
			proxyType = 1;
			remoteGlobalIDString = 9683BC37263AC8D500676705;
			remoteInfo = Penprnt;
		};
		9683BC5A263AC8D600676705 /* PBXContainerItemProxy */ = {
			isa = PBXContainerItemProxy;
			containerPortal = 9683BC30263AC8D500676705 /* Project object */;
			proxyType = 1;
			remoteGlobalIDString = 9683BC37263AC8D500676705;
			remoteInfo = Penprnt;
		};
/* End PBXContainerItemProxy section */

/* Begin PBXFileReference section */
		9683BC38263AC8D500676705 /* Penprnt.app */ = {isa = PBXFileReference; explicitFileType = wrapper.application; includeInIndex = 0; path = Penprnt.app; sourceTree = BUILT_PRODUCTS_DIR; };
		9683BC3B263AC8D500676705 /* AppDelegate.swift */ = {isa = PBXFileReference; lastKnownFileType = sourcecode.swift; path = AppDelegate.swift; sourceTree = "<group>"; };
		9683BC3D263AC8D500676705 /* SceneDelegate.swift */ = {isa = PBXFileReference; lastKnownFileType = sourcecode.swift; path = SceneDelegate.swift; sourceTree = "<group>"; };
		9683BC3F263AC8D500676705 /* ViewController.swift */ = {isa = PBXFileReference; lastKnownFileType = sourcecode.swift; path = ViewController.swift; sourceTree = "<group>"; };
		9683BC42263AC8D500676705 /* Base */ = {isa = PBXFileReference; lastKnownFileType = file.storyboard; name = Base; path = Base.lproj/Main.storyboard; sourceTree = "<group>"; };
		9683BC44263AC8D600676705 /* Assets.xcassets */ = {isa = PBXFileReference; lastKnownFileType = folder.assetcatalog; path = Assets.xcassets; sourceTree = "<group>"; };
		9683BC47263AC8D600676705 /* Base */ = {isa = PBXFileReference; lastKnownFileType = file.storyboard; name = Base; path = Base.lproj/LaunchScreen.storyboard; sourceTree = "<group>"; };
		9683BC49263AC8D600676705 /* Info.plist */ = {isa = PBXFileReference; lastKnownFileType = text.plist.xml; path = Info.plist; sourceTree = "<group>"; };
		9683BC4E263AC8D600676705 /* PenprntTests.xctest */ = {isa = PBXFileReference; explicitFileType = wrapper.cfbundle; includeInIndex = 0; path = PenprntTests.xctest; sourceTree = BUILT_PRODUCTS_DIR; };
		9683BC52263AC8D600676705 /* PenprntTests.swift */ = {isa = PBXFileReference; lastKnownFileType = sourcecode.swift; path = PenprntTests.swift; sourceTree = "<group>"; };
		9683BC54263AC8D600676705 /* Info.plist */ = {isa = PBXFileReference; lastKnownFileType = text.plist.xml; path = Info.plist; sourceTree = "<group>"; };
		9683BC59263AC8D600676705 /* PenprntUITests.xctest */ = {isa = PBXFileReference; explicitFileType = wrapper.cfbundle; includeInIndex = 0; path = PenprntUITests.xctest; sourceTree = BUILT_PRODUCTS_DIR; };
		9683BC5D263AC8D600676705 /* PenprntUITests.swift */ = {isa = PBXFileReference; lastKnownFileType = sourcecode.swift; path = PenprntUITests.swift; sourceTree = "<group>"; };
		9683BC5F263AC8D600676705 /* Info.plist */ = {isa = PBXFileReference; lastKnownFileType = text.plist.xml; path = Info.plist; sourceTree = "<group>"; };
/* End PBXFileReference section */

/* Begin PBXFrameworksBuildPhase section */
		9683BC35263AC8D500676705 /* Frameworks */ = {
			isa = PBXFrameworksBuildPhase;
			buildActionMask = 2147483647;
			files = (
			);
			runOnlyForDeploymentPostprocessing = 0;
		};
		9683BC4B263AC8D600676705 /* Frameworks */ = {
			isa = PBXFrameworksBuildPhase;
			buildActionMask = 2147483647;
			files = (
			);
			runOnlyForDeploymentPostprocessing = 0;
		};
		9683BC56263AC8D600676705 /* Frameworks */ = {
			isa = PBXFrameworksBuildPhase;
			buildActionMask = 2147483647;
			files = (
			);
			runOnlyForDeploymentPostprocessing = 0;
		};
/* End PBXFrameworksBuildPhase section */

/* Begin PBXGroup section */
		9683BC2F263AC8D500676705 = {
			isa = PBXGroup;
			children = (
				9683BC3A263AC8D500676705 /* Penprnt */,
				9683BC51263AC8D600676705 /* PenprntTests */,
				9683BC5C263AC8D600676705 /* PenprntUITests */,
				9683BC39263AC8D500676705 /* Products */,
			);
			sourceTree = "<group>";
		};
		9683BC39263AC8D500676705 /* Products */ = {
			isa = PBXGroup;
			children = (
				9683BC38263AC8D500676705 /* Penprnt.app */,
				9683BC4E263AC8D600676705 /* PenprntTests.xctest */,
				9683BC59263AC8D600676705 /* PenprntUITests.xctest */,
			);
			name = Products;
			sourceTree = "<group>";
		};
		9683BC3A263AC8D500676705 /* Penprnt */ = {
			isa = PBXGroup;
			children = (
				9683BC3B263AC8D500676705 /* AppDelegate.swift */,
				9683BC3D263AC8D500676705 /* SceneDelegate.swift */,
				9683BC3F263AC8D500676705 /* ViewController.swift */,
				9683BC41263AC8D500676705 /* Main.storyboard */,
				9683BC44263AC8D600676705 /* Assets.xcassets */,
				9683BC46263AC8D600676705 /* LaunchScreen.storyboard */,
				9683BC49263AC8D600676705 /* Info.plist */,
			);
			path = Penprnt;
			sourceTree = "<group>";
		};
		9683BC51263AC8D600676705 /* PenprntTests */ = {
			isa = PBXGroup;
			children = (
				9683BC52263AC8D600676705 /* PenprntTests.swift */,
				9683BC54263AC8D600676705 /* Info.plist */,
			);
			path = PenprntTests;
			sourceTree = "<group>";
		};
		9683BC5C263AC8D600676705 /* PenprntUITests */ = {
			isa = PBXGroup;
			children = (
				9683BC5D263AC8D600676705 /* PenprntUITests.swift */,
				9683BC5F263AC8D600676705 /* Info.plist */,
			);
			path = PenprntUITests;
			sourceTree = "<group>";
		};
/* End PBXGroup section */

/* Begin PBXNativeTarget section */
		9683BC37263AC8D500676705 /* Penprnt */ = {
			isa = PBXNativeTarget;
			buildConfigurationList = 9683BC62263AC8D600676705 /* Build configuration list for PBXNativeTarget "Penprnt" */;
			buildPhases = (
				9683BC34263AC8D500676705 /* Sources */,
				9683BC35263AC8D500676705 /* Frameworks */,
				9683BC36263AC8D500676705 /* Resources */,
			);
			buildRules = (
			);
			dependencies = (
			);
			name = Penprnt;
			productName = Penprnt;
			productReference = 9683BC38263AC8D500676705 /* Penprnt.app */;
			productType = "com.apple.product-type.application";
		};
		9683BC4D263AC8D600676705 /* PenprntTests */ = {
			isa = PBXNativeTarget;
			buildConfigurationList = 9683BC65263AC8D600676705 /* Build configuration list for PBXNativeTarget "PenprntTests" */;
			buildPhases = (
				9683BC4A263AC8D600676705 /* Sources */,
				9683BC4B263AC8D600676705 /* Frameworks */,
				9683BC4C263AC8D600676705 /* Resources */,
			);
			buildRules = (
			);
			dependencies = (
				9683BC50263AC8D600676705 /* PBXTargetDependency */,
			);
			name = PenprntTests;
			productName = PenprntTests;
			productReference = 9683BC4E263AC8D600676705 /* PenprntTests.xctest */;
			productType = "com.apple.product-type.bundle.unit-test";
		};
		9683BC58263AC8D600676705 /* PenprntUITests */ = {
			isa = PBXNativeTarget;
			buildConfigurationList = 9683BC68263AC8D600676705 /* Build configuration list for PBXNativeTarget "PenprntUITests" */;
			buildPhases = (
				9683BC55263AC8D600676705 /* Sources */,
				9683BC56263AC8D600676705 /* Frameworks */,
				9683BC57263AC8D600676705 /* Resources */,
			);
			buildRules = (
			);
			dependencies = (
				9683BC5B263AC8D600676705 /* PBXTargetDependency */,
			);
			name = PenprntUITests;
			productName = PenprntUITests;
			productReference = 9683BC59263AC8D600676705 /* PenprntUITests.xctest */;
			productType = "com.apple.product-type.bundle.ui-testing";
		};
/* End PBXNativeTarget section */

/* Begin PBXProject section */
		9683BC30263AC8D500676705 /* Project object */ = {
			isa = PBXProject;
			attributes = {
				LastSwiftUpdateCheck = 1240;
				LastUpgradeCheck = 1240;
				TargetAttributes = {
					9683BC37263AC8D500676705 = {
						CreatedOnToolsVersion = 12.4;
					};
					9683BC4D263AC8D600676705 = {
						CreatedOnToolsVersion = 12.4;
						TestTargetID = 9683BC37263AC8D500676705;
					};
					9683BC58263AC8D600676705 = {
						CreatedOnToolsVersion = 12.4;
						TestTargetID = 9683BC37263AC8D500676705;
					};
				};
			};
			buildConfigurationList = 9683BC33263AC8D500676705 /* Build configuration list for PBXProject "Penprnt" */;
			compatibilityVersion = "Xcode 9.3";
			developmentRegion = en;
			hasScannedForEncodings = 0;
			knownRegions = (
				en,
				Base,
			);
			mainGroup = 9683BC2F263AC8D500676705;
			productRefGroup = 9683BC39263AC8D500676705 /* Products */;
			projectDirPath = "";
			projectRoot = "";
			targets = (
				9683BC37263AC8D500676705 /* Penprnt */,
				9683BC4D263AC8D600676705 /* PenprntTests */,
				9683BC58263AC8D600676705 /* PenprntUITests */,
			);
		};
/* End PBXProject section */

/* Begin PBXResourcesBuildPhase section */
		9683BC36263AC8D500676705 /* Resources */ = {
			isa = PBXResourcesBuildPhase;
			buildActionMask = 2147483647;
			files = (
				9683BC48263AC8D600676705 /* LaunchScreen.storyboard in Resources */,
				9683BC45263AC8D600676705 /* Assets.xcassets in Resources */,
				9683BC43263AC8D500676705 /* Main.storyboard in Resources */,
			);
			runOnlyForDeploymentPostprocessing = 0;
		};
		9683BC4C263AC8D600676705 /* Resources */ = {
			isa = PBXResourcesBuildPhase;
			buildActionMask = 2147483647;
			files = (
			);
			runOnlyForDeploymentPostprocessing = 0;
		};
		9683BC57263AC8D600676705 /* Resources */ = {
			isa = PBXResourcesBuildPhase;
			buildActionMask = 2147483647;
			files = (
			);
			runOnlyForDeploymentPostprocessing = 0;
		};
/* End PBXResourcesBuildPhase section */

/* Begin PBXSourcesBuildPhase section */
		9683BC34263AC8D500676705 /* Sources */ = {
			isa = PBXSourcesBuildPhase;
			buildActionMask = 2147483647;
			files = (
				9683BC40263AC8D500676705 /* ViewController.swift in Sources */,
				9683BC3C263AC8D500676705 /* AppDelegate.swift in Sources */,
				9683BC3E263AC8D500676705 /* SceneDelegate.swift in Sources */,
			);
			runOnlyForDeploymentPostprocessing = 0;
		};
		9683BC4A263AC8D600676705 /* Sources */ = {
			isa = PBXSourcesBuildPhase;
			buildActionMask = 2147483647;
			files = (
				9683BC53263AC8D600676705 /* PenprntTests.swift in Sources */,
			);
			runOnlyForDeploymentPostprocessing = 0;
		};
		9683BC55263AC8D600676705 /* Sources */ = {
			isa = PBXSourcesBuildPhase;
			buildActionMask = 2147483647;
			files = (
				9683BC5E263AC8D600676705 /* PenprntUITests.swift in Sources */,
			);
			runOnlyForDeploymentPostprocessing = 0;
		};
/* End PBXSourcesBuildPhase section */

/* Begin PBXTargetDependency section */
		9683BC50263AC8D600676705 /* PBXTargetDependency */ = {
			isa = PBXTargetDependency;
			target = 9683BC37263AC8D500676705 /* Penprnt */;
			targetProxy = 9683BC4F263AC8D600676705 /* PBXContainerItemProxy */;
		};
		9683BC5B263AC8D600676705 /* PBXTargetDependency */ = {
			isa = PBXTargetDependency;
			target = 9683BC37263AC8D500676705 /* Penprnt */;
			targetProxy = 9683BC5A263AC8D600676705 /* PBXContainerItemProxy */;
		};
/* End PBXTargetDependency section */

/* Begin PBXVariantGroup section */
		9683BC41263AC8D500676705 /* Main.storyboard */ = {
			isa = PBXVariantGroup;
			children = (
				9683BC42263AC8D500676705 /* Base */,
			);
			name = Main.storyboard;
			sourceTree = "<group>";
		};
		9683BC46263AC8D600676705 /* LaunchScreen.storyboard */ = {
			isa = PBXVariantGroup;
			children = (
				9683BC47263AC8D600676705 /* Base */,
			);
			name = LaunchScreen.storyboard;
			sourceTree = "<group>";
		};
/* End PBXVariantGroup section */

/* Begin XCBuildConfiguration section */
		9683BC60263AC8D600676705 /* Debug */ = {
			isa = XCBuildConfiguration;
			buildSettings = {
				ALWAYS_SEARCH_USER_PATHS = NO;
				CLANG_ANALYZER_NONNULL = YES;
				CLANG_ANALYZER_NUMBER_OBJECT_CONVERSION = YES_AGGRESSIVE;
				CLANG_CXX_LANGUAGE_STANDARD = "gnu++14";
				CLANG_CXX_LIBRARY = "libc++";
				CLANG_ENABLE_MODULES = YES;
				CLANG_ENABLE_OBJC_ARC = YES;
				CLANG_ENABLE_OBJC_WEAK = YES;
				CLANG_WARN_BLOCK_CAPTURE_AUTORELEASING = YES;
				CLANG_WARN_BOOL_CONVERSION = YES;
				CLANG_WARN_COMMA = YES;
				CLANG_WARN_CONSTANT_CONVERSION = YES;
				CLANG_WARN_DEPRECATED_OBJC_IMPLEMENTATIONS = YES;
				CLANG_WARN_DIRECT_OBJC_ISA_USAGE = YES_ERROR;
				CLANG_WARN_DOCUMENTATION_COMMENTS = YES;
				CLANG_WARN_EMPTY_BODY = YES;
				CLANG_WARN_ENUM_CONVERSION = YES;
				CLANG_WARN_INFINITE_RECURSION = YES;
				CLANG_WARN_INT_CONVERSION = YES;
				CLANG_WARN_NON_LITERAL_NULL_CONVERSION = YES;
				CLANG_WARN_OBJC_IMPLICIT_RETAIN_SELF = YES;
				CLANG_WARN_OBJC_LITERAL_CONVERSION = YES;
				CLANG_WARN_OBJC_ROOT_CLASS = YES_ERROR;
				CLANG_WARN_QUOTED_INCLUDE_IN_FRAMEWORK_HEADER = YES;
				CLANG_WARN_RANGE_LOOP_ANALYSIS = YES;
				CLANG_WARN_STRICT_PROTOTYPES = YES;
				CLANG_WARN_SUSPICIOUS_MOVE = YES;
				CLANG_WARN_UNGUARDED_AVAILABILITY = YES_AGGRESSIVE;
				CLANG_WARN_UNREACHABLE_CODE = YES;
				CLANG_WARN__DUPLICATE_METHOD_MATCH = YES;
				COPY_PHASE_STRIP = NO;
				DEBUG_INFORMATION_FORMAT = dwarf;
				ENABLE_STRICT_OBJC_MSGSEND = YES;
				ENABLE_TESTABILITY = YES;
				GCC_C_LANGUAGE_STANDARD = gnu11;
				GCC_DYNAMIC_NO_PIC = NO;
				GCC_NO_COMMON_BLOCKS = YES;
				GCC_OPTIMIZATION_LEVEL = 0;
				GCC_PREPROCESSOR_DEFINITIONS = (
					"DEBUG=1",
					"$(inherited)",
				);
				GCC_WARN_64_TO_32_BIT_CONVERSION = YES;
				GCC_WARN_ABOUT_RETURN_TYPE = YES_ERROR;
				GCC_WARN_UNDECLARED_SELECTOR = YES;
				GCC_WARN_UNINITIALIZED_AUTOS = YES_AGGRESSIVE;
				GCC_WARN_UNUSED_FUNCTION = YES;
				GCC_WARN_UNUSED_VARIABLE = YES;
				IPHONEOS_DEPLOYMENT_TARGET = 14.4;
				MTL_ENABLE_DEBUG_INFO = INCLUDE_SOURCE;
				MTL_FAST_MATH = YES;
				ONLY_ACTIVE_ARCH = YES;
				SDKROOT = iphoneos;
				SWIFT_ACTIVE_COMPILATION_CONDITIONS = DEBUG;
				SWIFT_OPTIMIZATION_LEVEL = "-Onone";
			};
			name = Debug;
		};
		9683BC61263AC8D600676705 /* Release */ = {
			isa = XCBuildConfiguration;
			buildSettings = {
				ALWAYS_SEARCH_USER_PATHS = NO;
				CLANG_ANALYZER_NONNULL = YES;
				CLANG_ANALYZER_NUMBER_OBJECT_CONVERSION = YES_AGGRESSIVE;
				CLANG_CXX_LANGUAGE_STANDARD = "gnu++14";
				CLANG_CXX_LIBRARY = "libc++";
				CLANG_ENABLE_MODULES = YES;
				CLANG_ENABLE_OBJC_ARC = YES;
				CLANG_ENABLE_OBJC_WEAK = YES;
				CLANG_WARN_BLOCK_CAPTURE_AUTORELEASING = YES;
				CLANG_WARN_BOOL_CONVERSION = YES;
				CLANG_WARN_COMMA = YES;
				CLANG_WARN_CONSTANT_CONVERSION = YES;
				CLANG_WARN_DEPRECATED_OBJC_IMPLEMENTATIONS = YES;
				CLANG_WARN_DIRECT_OBJC_ISA_USAGE = YES_ERROR;
				CLANG_WARN_DOCUMENTATION_COMMENTS = YES;
				CLANG_WARN_EMPTY_BODY = YES;
				CLANG_WARN_ENUM_CONVERSION = YES;
				CLANG_WARN_INFINITE_RECURSION = YES;
				CLANG_WARN_INT_CONVERSION = YES;
				CLANG_WARN_NON_LITERAL_NULL_CONVERSION = YES;
				CLANG_WARN_OBJC_IMPLICIT_RETAIN_SELF = YES;
				CLANG_WARN_OBJC_LITERAL_CONVERSION = YES;
				CLANG_WARN_OBJC_ROOT_CLASS = YES_ERROR;
				CLANG_WARN_QUOTED_INCLUDE_IN_FRAMEWORK_HEADER = YES;
				CLANG_WARN_RANGE_LOOP_ANALYSIS = YES;
				CLANG_WARN_STRICT_PROTOTYPES = YES;
				CLANG_WARN_SUSPICIOUS_MOVE = YES;
				CLANG_WARN_UNGUARDED_AVAILABILITY = YES_AGGRESSIVE;
				CLANG_WARN_UNREACHABLE_CODE = YES;
				CLANG_WARN__DUPLICATE_METHOD_MATCH = YES;
				COPY_PHASE_STRIP = NO;
				DEBUG_INFORMATION_FORMAT = "dwarf-with-dsym";
				ENABLE_NS_ASSERTIONS = NO;
				ENABLE_STRICT_OBJC_MSGSEND = YES;
				GCC_C_LANGUAGE_STANDARD = gnu11;
				GCC_NO_COMMON_BLOCKS = YES;
				GCC_WARN_64_TO_32_BIT_CONVERSION = YES;
				GCC_WARN_ABOUT_RETURN_TYPE = YES_ERROR;
				GCC_WARN_UNDECLARED_SELECTOR = YES;
				GCC_WARN_UNINITIALIZED_AUTOS = YES_AGGRESSIVE;
				GCC_WARN_UNUSED_FUNCTION = YES;
				GCC_WARN_UNUSED_VARIABLE = YES;
				IPHONEOS_DEPLOYMENT_TARGET = 14.4;
				MTL_ENABLE_DEBUG_INFO = NO;
				MTL_FAST_MATH = YES;
				SDKROOT = iphoneos;
				SWIFT_COMPILATION_MODE = wholemodule;
				SWIFT_OPTIMIZATION_LEVEL = "-O";
				VALIDATE_PRODUCT = YES;
			};
			name = Release;
		};
		9683BC63263AC8D600676705 /* Debug */ = {
			isa = XCBuildConfiguration;
			buildSettings = {
				ASSETCATALOG_COMPILER_APPICON_NAME = AppIcon;
				ASSETCATALOG_COMPILER_GLOBAL_ACCENT_COLOR_NAME = AccentColor;
				CODE_SIGN_STYLE = Automatic;
				INFOPLIST_FILE = Penprnt/Info.plist;
				LD_RUNPATH_SEARCH_PATHS = (
					"$(inherited)",
					"@executable_path/Frameworks",
				);
				PRODUCT_BUNDLE_IDENTIFIER = sebaie.Penprnt;
				PRODUCT_NAME = "$(TARGET_NAME)";
				SWIFT_VERSION = 5.0;
				TARGETED_DEVICE_FAMILY = "1,2";
			};
			name = Debug;
		};
		9683BC64263AC8D600676705 /* Release */ = {
			isa = XCBuildConfiguration;
			buildSettings = {
				ASSETCATALOG_COMPILER_APPICON_NAME = AppIcon;
				ASSETCATALOG_COMPILER_GLOBAL_ACCENT_COLOR_NAME = AccentColor;
				CODE_SIGN_STYLE = Automatic;
				INFOPLIST_FILE = Penprnt/Info.plist;
				LD_RUNPATH_SEARCH_PATHS = (
					"$(inherited)",
					"@executable_path/Frameworks",
				);
				PRODUCT_BUNDLE_IDENTIFIER = sebaie.Penprnt;
				PRODUCT_NAME = "$(TARGET_NAME)";
				SWIFT_VERSION = 5.0;
				TARGETED_DEVICE_FAMILY = "1,2";
			};
			name = Release;
		};
		9683BC66263AC8D600676705 /* Debug */ = {
			isa = XCBuildConfiguration;
			buildSettings = {
				ALWAYS_EMBED_SWIFT_STANDARD_LIBRARIES = YES;
				BUNDLE_LOADER = "$(TEST_HOST)";
				CODE_SIGN_STYLE = Automatic;
				INFOPLIST_FILE = PenprntTests/Info.plist;
				IPHONEOS_DEPLOYMENT_TARGET = 14.4;
				LD_RUNPATH_SEARCH_PATHS = (
					"$(inherited)",
					"@executable_path/Frameworks",
					"@loader_path/Frameworks",
				);
				PRODUCT_BUNDLE_IDENTIFIER = sebaie.PenprntTests;
				PRODUCT_NAME = "$(TARGET_NAME)";
				SWIFT_VERSION = 5.0;
				TARGETED_DEVICE_FAMILY = "1,2";
				TEST_HOST = "$(BUILT_PRODUCTS_DIR)/Penprnt.app/Penprnt";
			};
			name = Debug;
		};
		9683BC67263AC8D600676705 /* Release */ = {
			isa = XCBuildConfiguration;
			buildSettings = {
				ALWAYS_EMBED_SWIFT_STANDARD_LIBRARIES = YES;
				BUNDLE_LOADER = "$(TEST_HOST)";
				CODE_SIGN_STYLE = Automatic;
				INFOPLIST_FILE = PenprntTests/Info.plist;
				IPHONEOS_DEPLOYMENT_TARGET = 14.4;
				LD_RUNPATH_SEARCH_PATHS = (
					"$(inherited)",
					"@executable_path/Frameworks",
					"@loader_path/Frameworks",
				);
				PRODUCT_BUNDLE_IDENTIFIER = sebaie.PenprntTests;
				PRODUCT_NAME = "$(TARGET_NAME)";
				SWIFT_VERSION = 5.0;
				TARGETED_DEVICE_FAMILY = "1,2";
				TEST_HOST = "$(BUILT_PRODUCTS_DIR)/Penprnt.app/Penprnt";
			};
			name = Release;
		};
		9683BC69263AC8D600676705 /* Debug */ = {
			isa = XCBuildConfiguration;
			buildSettings = {
				ALWAYS_EMBED_SWIFT_STANDARD_LIBRARIES = YES;
				CODE_SIGN_STYLE = Automatic;
				INFOPLIST_FILE = PenprntUITests/Info.plist;
				LD_RUNPATH_SEARCH_PATHS = (
					"$(inherited)",
					"@executable_path/Frameworks",
					"@loader_path/Frameworks",
				);
				PRODUCT_BUNDLE_IDENTIFIER = sebaie.PenprntUITests;
				PRODUCT_NAME = "$(TARGET_NAME)";
				SWIFT_VERSION = 5.0;
				TARGETED_DEVICE_FAMILY = "1,2";
				TEST_TARGET_NAME = Penprnt;
			};
			name = Debug;
		};
		9683BC6A263AC8D600676705 /* Release */ = {
			isa = XCBuildConfiguration;
			buildSettings = {
				ALWAYS_EMBED_SWIFT_STANDARD_LIBRARIES = YES;
				CODE_SIGN_STYLE = Automatic;
				INFOPLIST_FILE = PenprntUITests/Info.plist;
				LD_RUNPATH_SEARCH_PATHS = (
					"$(inherited)",
					"@executable_path/Frameworks",
					"@loader_path/Frameworks",
				);
				PRODUCT_BUNDLE_IDENTIFIER = sebaie.PenprntUITests;
				PRODUCT_NAME = "$(TARGET_NAME)";
				SWIFT_VERSION = 5.0;
				TARGETED_DEVICE_FAMILY = "1,2";
				TEST_TARGET_NAME = Penprnt;
			};
			name = Release;
		};
/* End XCBuildConfiguration section */

/* Begin XCConfigurationList section */
		9683BC33263AC8D500676705 /* Build configuration list for PBXProject "Penprnt" */ = {
			isa = XCConfigurationList;
			buildConfigurations = (
				9683BC60263AC8D600676705 /* Debug */,
				9683BC61263AC8D600676705 /* Release */,
			);
			defaultConfigurationIsVisible = 0;
			defaultConfigurationName = Release;
		};
		9683BC62263AC8D600676705 /* Build configuration list for PBXNativeTarget "Penprnt" */ = {
			isa = XCConfigurationList;
			buildConfigurations = (
				9683BC63263AC8D600676705 /* Debug */,
				9683BC64263AC8D600676705 /* Release */,
			);
			defaultConfigurationIsVisible = 0;
			defaultConfigurationName = Release;
		};
		9683BC65263AC8D600676705 /* Build configuration list for PBXNativeTarget "PenprntTests" */ = {
			isa = XCConfigurationList;
			buildConfigurations = (
				9683BC66263AC8D600676705 /* Debug */,
				9683BC67263AC8D600676705 /* Release */,
			);
			defaultConfigurationIsVisible = 0;
			defaultConfigurationName = Release;
		};
		9683BC68263AC8D600676705 /* Build configuration list for PBXNativeTarget "PenprntUITests" */ = {
			isa = XCConfigurationList;
			buildConfigurations = (
				9683BC69263AC8D600676705 /* Debug */,
				9683BC6A263AC8D600676705 /* Release */,
			);
			defaultConfigurationIsVisible = 0;
			defaultConfigurationName = Release;
		};
/* End XCConfigurationList section */
	};
	rootObject = 9683BC30263AC8D500676705 /* Project object */;
}
